// !$*UTF8*$!
{
	archiveVersion = 1;
	classes = {
	};
	objectVersion = 56;
	objects = {

/* Begin PBXBuildFile section */
		1747CA6D2B6645870089BFE7 /* SwiftUIImageViewer in Frameworks */ = {isa = PBXBuildFile; productRef = 1747CA6C2B6645870089BFE7 /* SwiftUIImageViewer */; };
		175FCB532B5FAE8400C33BE6 /* TEAM1MC3App.swift in Sources */ = {isa = PBXBuildFile; fileRef = 175FCB522B5FAE8400C33BE6 /* TEAM1MC3App.swift */; };
		175FCB552B5FAE8400C33BE6 /* MapView.swift in Sources */ = {isa = PBXBuildFile; fileRef = 175FCB542B5FAE8400C33BE6 /* MapView.swift */; };
		175FCB572B5FAE8400C33BE6 /* Item.swift in Sources */ = {isa = PBXBuildFile; fileRef = 175FCB562B5FAE8400C33BE6 /* Item.swift */; };
		175FCB592B5FAE8500C33BE6 /* Assets.xcassets in Resources */ = {isa = PBXBuildFile; fileRef = 175FCB582B5FAE8500C33BE6 /* Assets.xcassets */; };
		175FCB5C2B5FAE8500C33BE6 /* Preview Assets.xcassets in Resources */ = {isa = PBXBuildFile; fileRef = 175FCB5B2B5FAE8500C33BE6 /* Preview Assets.xcassets */; };
		175FCB642B5FB14700C33BE6 /* SwiftSVG in Frameworks */ = {isa = PBXBuildFile; productRef = 175FCB632B5FB14700C33BE6 /* SwiftSVG */; };
		175FCB692B5FB8C600C33BE6 /* SVGKit in Frameworks */ = {isa = PBXBuildFile; productRef = 175FCB682B5FB8C600C33BE6 /* SVGKit */; };
		175FCB6B2B5FB8C600C33BE6 /* SVGKitSwift in Frameworks */ = {isa = PBXBuildFile; productRef = 175FCB6A2B5FB8C600C33BE6 /* SVGKitSwift */; };
		175FCB6E2B60E60000C33BE6 /* InteractiveMap in Frameworks */ = {isa = PBXBuildFile; productRef = 175FCB6D2B60E60000C33BE6 /* InteractiveMap */; };
		175FCB732B61146D00C33BE6 /* ScrollableImage in Frameworks */ = {isa = PBXBuildFile; productRef = 175FCB722B61146D00C33BE6 /* ScrollableImage */; };
		175FCB752B6237BB00C33BE6 /* ScrollableImage in Frameworks */ = {isa = PBXBuildFile; productRef = 175FCB742B6237BB00C33BE6 /* ScrollableImage */; };
		17F4E8D62B66D8FF004E3C26 /* world7Final.svg in Resources */ = {isa = PBXBuildFile; fileRef = 17F4E8D52B66D8FF004E3C26 /* world7Final.svg */; };
		17F4E8DA2B68E8D2004E3C26 /* world5.svg in Resources */ = {isa = PBXBuildFile; fileRef = 17F4E8D92B68E8D2004E3C26 /* world5.svg */; };
		17F4E8DE2B68F3AF004E3C26 /* UniAppMap.swift in Sources */ = {isa = PBXBuildFile; fileRef = 17F4E8DD2B68F3AF004E3C26 /* UniAppMap.swift */; };
		17F4E8E22B6B91AC004E3C26 /* AsiaMapFinal.svg in Resources */ = {isa = PBXBuildFile; fileRef = 17F4E8E12B6B91AC004E3C26 /* AsiaMapFinal.svg */; };
/* End PBXBuildFile section */

/* Begin PBXFileReference section */
		175FCB4F2B5FAE8400C33BE6 /* TEAM1MC3.app */ = {isa = PBXFileReference; explicitFileType = wrapper.application; includeInIndex = 0; path = TEAM1MC3.app; sourceTree = BUILT_PRODUCTS_DIR; };
		175FCB522B5FAE8400C33BE6 /* TEAM1MC3App.swift */ = {isa = PBXFileReference; lastKnownFileType = sourcecode.swift; path = TEAM1MC3App.swift; sourceTree = "<group>"; };
		175FCB542B5FAE8400C33BE6 /* MapView.swift */ = {isa = PBXFileReference; lastKnownFileType = sourcecode.swift; path = MapView.swift; sourceTree = "<group>"; };
		175FCB562B5FAE8400C33BE6 /* Item.swift */ = {isa = PBXFileReference; lastKnownFileType = sourcecode.swift; path = Item.swift; sourceTree = "<group>"; };
		175FCB582B5FAE8500C33BE6 /* Assets.xcassets */ = {isa = PBXFileReference; lastKnownFileType = folder.assetcatalog; path = Assets.xcassets; sourceTree = "<group>"; };
		175FCB5B2B5FAE8500C33BE6 /* Preview Assets.xcassets */ = {isa = PBXFileReference; lastKnownFileType = folder.assetcatalog; path = "Preview Assets.xcassets"; sourceTree = "<group>"; };
		17F4E8D52B66D8FF004E3C26 /* world7Final.svg */ = {isa = PBXFileReference; fileEncoding = 4; lastKnownFileType = text.xml; name = world7Final.svg; path = ../../world7Final.svg; sourceTree = "<group>"; };
		17F4E8D92B68E8D2004E3C26 /* world5.svg */ = {isa = PBXFileReference; fileEncoding = 4; lastKnownFileType = text; name = world5.svg; path = Assets.xcassets/world5.svg; sourceTree = "<group>"; };
		17F4E8DD2B68F3AF004E3C26 /* UniAppMap.swift */ = {isa = PBXFileReference; lastKnownFileType = sourcecode.swift; path = UniAppMap.swift; sourceTree = "<group>"; };
		17F4E8E12B6B91AC004E3C26 /* AsiaMapFinal.svg */ = {isa = PBXFileReference; fileEncoding = 4; lastKnownFileType = text.xml; name = AsiaMapFinal.svg; path = ../../AsiaMapFinal.svg; sourceTree = "<group>"; };
/* End PBXFileReference section */

/* Begin PBXFrameworksBuildPhase section */
		175FCB4C2B5FAE8400C33BE6 /* Frameworks */ = {
			isa = PBXFrameworksBuildPhase;
			buildActionMask = 2147483647;
			files = (
				175FCB6B2B5FB8C600C33BE6 /* SVGKitSwift in Frameworks */,
				175FCB692B5FB8C600C33BE6 /* SVGKit in Frameworks */,
				1747CA6D2B6645870089BFE7 /* SwiftUIImageViewer in Frameworks */,
				175FCB6E2B60E60000C33BE6 /* InteractiveMap in Frameworks */,
				175FCB752B6237BB00C33BE6 /* ScrollableImage in Frameworks */,
				175FCB642B5FB14700C33BE6 /* SwiftSVG in Frameworks */,
				175FCB732B61146D00C33BE6 /* ScrollableImage in Frameworks */,
			);
			runOnlyForDeploymentPostprocessing = 0;
		};
/* End PBXFrameworksBuildPhase section */

/* Begin PBXGroup section */
		175FCB462B5FAE8400C33BE6 = {
			isa = PBXGroup;
			children = (
				175FCB512B5FAE8400C33BE6 /* TEAM1MC3 */,
				175FCB502B5FAE8400C33BE6 /* Products */,
			);
			sourceTree = "<group>";
		};
		175FCB502B5FAE8400C33BE6 /* Products */ = {
			isa = PBXGroup;
			children = (
				175FCB4F2B5FAE8400C33BE6 /* TEAM1MC3.app */,
			);
			name = Products;
			sourceTree = "<group>";
		};
		175FCB512B5FAE8400C33BE6 /* TEAM1MC3 */ = {
			isa = PBXGroup;
			children = (
				175FCB522B5FAE8400C33BE6 /* TEAM1MC3App.swift */,
				17F4E8D92B68E8D2004E3C26 /* world5.svg */,
				17F4E8D52B66D8FF004E3C26 /* world7Final.svg */,
				17F4E8E12B6B91AC004E3C26 /* AsiaMapFinal.svg */,
				175FCB542B5FAE8400C33BE6 /* MapView.swift */,
				17F4E8DD2B68F3AF004E3C26 /* UniAppMap.swift */,
				175FCB562B5FAE8400C33BE6 /* Item.swift */,
				175FCB582B5FAE8500C33BE6 /* Assets.xcassets */,
				175FCB5A2B5FAE8500C33BE6 /* Preview Content */,
			);
			path = TEAM1MC3;
			sourceTree = "<group>";
		};
		175FCB5A2B5FAE8500C33BE6 /* Preview Content */ = {
			isa = PBXGroup;
			children = (
				175FCB5B2B5FAE8500C33BE6 /* Preview Assets.xcassets */,
			);
			path = "Preview Content";
			sourceTree = "<group>";
		};
/* End PBXGroup section */

/* Begin PBXNativeTarget section */
		175FCB4E2B5FAE8400C33BE6 /* TEAM1MC3 */ = {
			isa = PBXNativeTarget;
			buildConfigurationList = 175FCB5F2B5FAE8500C33BE6 /* Build configuration list for PBXNativeTarget "TEAM1MC3" */;
			buildPhases = (
				175FCB4B2B5FAE8400C33BE6 /* Sources */,
				175FCB4C2B5FAE8400C33BE6 /* Frameworks */,
				175FCB4D2B5FAE8400C33BE6 /* Resources */,
			);
			buildRules = (
			);
			dependencies = (
			);
			name = TEAM1MC3;
			packageProductDependencies = (
				175FCB632B5FB14700C33BE6 /* SwiftSVG */,
				175FCB682B5FB8C600C33BE6 /* SVGKit */,
				175FCB6A2B5FB8C600C33BE6 /* SVGKitSwift */,
				175FCB6D2B60E60000C33BE6 /* InteractiveMap */,
				175FCB722B61146D00C33BE6 /* ScrollableImage */,
				175FCB742B6237BB00C33BE6 /* ScrollableImage */,
				1747CA6C2B6645870089BFE7 /* SwiftUIImageViewer */,
			);
			productName = TEAM1MC3;
			productReference = 175FCB4F2B5FAE8400C33BE6 /* TEAM1MC3.app */;
			productType = "com.apple.product-type.application";
		};
/* End PBXNativeTarget section */

/* Begin PBXProject section */
		175FCB472B5FAE8400C33BE6 /* Project object */ = {
			isa = PBXProject;
			attributes = {
				BuildIndependentTargetsInParallel = 1;
				LastSwiftUpdateCheck = 1520;
				LastUpgradeCheck = 1520;
				TargetAttributes = {
					175FCB4E2B5FAE8400C33BE6 = {
						CreatedOnToolsVersion = 15.2;
					};
				};
			};
			buildConfigurationList = 175FCB4A2B5FAE8400C33BE6 /* Build configuration list for PBXProject "TEAM1MC3" */;
			compatibilityVersion = "Xcode 14.0";
			developmentRegion = en;
			hasScannedForEncodings = 0;
			knownRegions = (
				en,
				Base,
			);
			mainGroup = 175FCB462B5FAE8400C33BE6;
			packageReferences = (
				175FCB622B5FB14700C33BE6 /* XCRemoteSwiftPackageReference "SwiftSVG" */,
				175FCB672B5FB8C600C33BE6 /* XCRemoteSwiftPackageReference "SVGKit" */,
				175FCB6C2B60E60000C33BE6 /* XCRemoteSwiftPackageReference "InteractiveMap" */,
				175FCB712B61146D00C33BE6 /* XCRemoteSwiftPackageReference "ScrollableImage" */,
				1747CA6B2B6645870089BFE7 /* XCRemoteSwiftPackageReference "swiftui-image-viewer" */,
			);
			productRefGroup = 175FCB502B5FAE8400C33BE6 /* Products */;
			projectDirPath = "";
			projectRoot = "";
			targets = (
				175FCB4E2B5FAE8400C33BE6 /* TEAM1MC3 */,
			);
		};
/* End PBXProject section */

/* Begin PBXResourcesBuildPhase section */
		175FCB4D2B5FAE8400C33BE6 /* Resources */ = {
			isa = PBXResourcesBuildPhase;
			buildActionMask = 2147483647;
			files = (
				175FCB5C2B5FAE8500C33BE6 /* Preview Assets.xcassets in Resources */,
				17F4E8DA2B68E8D2004E3C26 /* world5.svg in Resources */,
				17F4E8E22B6B91AC004E3C26 /* AsiaMapFinal.svg in Resources */,
				175FCB592B5FAE8500C33BE6 /* Assets.xcassets in Resources */,
				17F4E8D62B66D8FF004E3C26 /* world7Final.svg in Resources */,
			);
			runOnlyForDeploymentPostprocessing = 0;
		};
/* End PBXResourcesBuildPhase section */

/* Begin PBXSourcesBuildPhase section */
		175FCB4B2B5FAE8400C33BE6 /* Sources */ = {
			isa = PBXSourcesBuildPhase;
			buildActionMask = 2147483647;
			files = (
				175FCB552B5FAE8400C33BE6 /* MapView.swift in Sources */,
				175FCB572B5FAE8400C33BE6 /* Item.swift in Sources */,
				17F4E8DE2B68F3AF004E3C26 /* UniAppMap.swift in Sources */,
				175FCB532B5FAE8400C33BE6 /* TEAM1MC3App.swift in Sources */,
			);
			runOnlyForDeploymentPostprocessing = 0;
		};
/* End PBXSourcesBuildPhase section */

/* Begin XCBuildConfiguration section */
		175FCB5D2B5FAE8500C33BE6 /* Debug */ = {
			isa = XCBuildConfiguration;
			buildSettings = {
				ALWAYS_SEARCH_USER_PATHS = NO;
				ASSETCATALOG_COMPILER_GENERATE_SWIFT_ASSET_SYMBOL_EXTENSIONS = YES;
				CLANG_ANALYZER_NONNULL = YES;
				CLANG_ANALYZER_NUMBER_OBJECT_CONVERSION = YES_AGGRESSIVE;
				CLANG_CXX_LANGUAGE_STANDARD = "gnu++20";
				CLANG_ENABLE_MODULES = YES;
				CLANG_ENABLE_OBJC_ARC = YES;
				CLANG_ENABLE_OBJC_WEAK = YES;
				CLANG_WARN_BLOCK_CAPTURE_AUTORELEASING = YES;
				CLANG_WARN_BOOL_CONVERSION = YES;
				CLANG_WARN_COMMA = YES;
				CLANG_WARN_CONSTANT_CONVERSION = YES;
				CLANG_WARN_DEPRECATED_OBJC_IMPLEMENTATIONS = YES;
				CLANG_WARN_DIRECT_OBJC_ISA_USAGE = YES_ERROR;
				CLANG_WARN_DOCUMENTATION_COMMENTS = YES;
				CLANG_WARN_EMPTY_BODY = YES;
				CLANG_WARN_ENUM_CONVERSION = YES;
				CLANG_WARN_INFINITE_RECURSION = YES;
				CLANG_WARN_INT_CONVERSION = YES;
				CLANG_WARN_NON_LITERAL_NULL_CONVERSION = YES;
				CLANG_WARN_OBJC_IMPLICIT_RETAIN_SELF = YES;
				CLANG_WARN_OBJC_LITERAL_CONVERSION = YES;
				CLANG_WARN_OBJC_ROOT_CLASS = YES_ERROR;
				CLANG_WARN_QUOTED_INCLUDE_IN_FRAMEWORK_HEADER = YES;
				CLANG_WARN_RANGE_LOOP_ANALYSIS = YES;
				CLANG_WARN_STRICT_PROTOTYPES = YES;
				CLANG_WARN_SUSPICIOUS_MOVE = YES;
				CLANG_WARN_UNGUARDED_AVAILABILITY = YES_AGGRESSIVE;
				CLANG_WARN_UNREACHABLE_CODE = YES;
				CLANG_WARN__DUPLICATE_METHOD_MATCH = YES;
				COPY_PHASE_STRIP = NO;
				DEBUG_INFORMATION_FORMAT = dwarf;
				ENABLE_STRICT_OBJC_MSGSEND = YES;
				ENABLE_TESTABILITY = YES;
				ENABLE_USER_SCRIPT_SANDBOXING = YES;
				GCC_C_LANGUAGE_STANDARD = gnu17;
				GCC_DYNAMIC_NO_PIC = NO;
				GCC_NO_COMMON_BLOCKS = YES;
				GCC_OPTIMIZATION_LEVEL = 0;
				GCC_PREPROCESSOR_DEFINITIONS = (
					"DEBUG=1",
					"$(inherited)",
				);
				GCC_WARN_64_TO_32_BIT_CONVERSION = YES;
				GCC_WARN_ABOUT_RETURN_TYPE = YES_ERROR;
				GCC_WARN_UNDECLARED_SELECTOR = YES;
				GCC_WARN_UNINITIALIZED_AUTOS = YES_AGGRESSIVE;
				GCC_WARN_UNUSED_FUNCTION = YES;
				GCC_WARN_UNUSED_VARIABLE = YES;
				IPHONEOS_DEPLOYMENT_TARGET = 17.2;
				LOCALIZATION_PREFERS_STRING_CATALOGS = YES;
				MTL_ENABLE_DEBUG_INFO = INCLUDE_SOURCE;
				MTL_FAST_MATH = YES;
				ONLY_ACTIVE_ARCH = YES;
				SDKROOT = iphoneos;
				SWIFT_ACTIVE_COMPILATION_CONDITIONS = "DEBUG $(inherited)";
				SWIFT_OPTIMIZATION_LEVEL = "-Onone";
			};
			name = Debug;
		};
		175FCB5E2B5FAE8500C33BE6 /* Release */ = {
			isa = XCBuildConfiguration;
			buildSettings = {
				ALWAYS_SEARCH_USER_PATHS = NO;
				ASSETCATALOG_COMPILER_GENERATE_SWIFT_ASSET_SYMBOL_EXTENSIONS = YES;
				CLANG_ANALYZER_NONNULL = YES;
				CLANG_ANALYZER_NUMBER_OBJECT_CONVERSION = YES_AGGRESSIVE;
				CLANG_CXX_LANGUAGE_STANDARD = "gnu++20";
				CLANG_ENABLE_MODULES = YES;
				CLANG_ENABLE_OBJC_ARC = YES;
				CLANG_ENABLE_OBJC_WEAK = YES;
				CLANG_WARN_BLOCK_CAPTURE_AUTORELEASING = YES;
				CLANG_WARN_BOOL_CONVERSION = YES;
				CLANG_WARN_COMMA = YES;
				CLANG_WARN_CONSTANT_CONVERSION = YES;
				CLANG_WARN_DEPRECATED_OBJC_IMPLEMENTATIONS = YES;
				CLANG_WARN_DIRECT_OBJC_ISA_USAGE = YES_ERROR;
				CLANG_WARN_DOCUMENTATION_COMMENTS = YES;
				CLANG_WARN_EMPTY_BODY = YES;
				CLANG_WARN_ENUM_CONVERSION = YES;
				CLANG_WARN_INFINITE_RECURSION = YES;
				CLANG_WARN_INT_CONVERSION = YES;
				CLANG_WARN_NON_LITERAL_NULL_CONVERSION = YES;
				CLANG_WARN_OBJC_IMPLICIT_RETAIN_SELF = YES;
				CLANG_WARN_OBJC_LITERAL_CONVERSION = YES;
				CLANG_WARN_OBJC_ROOT_CLASS = YES_ERROR;
				CLANG_WARN_QUOTED_INCLUDE_IN_FRAMEWORK_HEADER = YES;
				CLANG_WARN_RANGE_LOOP_ANALYSIS = YES;
				CLANG_WARN_STRICT_PROTOTYPES = YES;
				CLANG_WARN_SUSPICIOUS_MOVE = YES;
				CLANG_WARN_UNGUARDED_AVAILABILITY = YES_AGGRESSIVE;
				CLANG_WARN_UNREACHABLE_CODE = YES;
				CLANG_WARN__DUPLICATE_METHOD_MATCH = YES;
				COPY_PHASE_STRIP = NO;
				DEBUG_INFORMATION_FORMAT = "dwarf-with-dsym";
				ENABLE_NS_ASSERTIONS = NO;
				ENABLE_STRICT_OBJC_MSGSEND = YES;
				ENABLE_USER_SCRIPT_SANDBOXING = YES;
				GCC_C_LANGUAGE_STANDARD = gnu17;
				GCC_NO_COMMON_BLOCKS = YES;
				GCC_WARN_64_TO_32_BIT_CONVERSION = YES;
				GCC_WARN_ABOUT_RETURN_TYPE = YES_ERROR;
				GCC_WARN_UNDECLARED_SELECTOR = YES;
				GCC_WARN_UNINITIALIZED_AUTOS = YES_AGGRESSIVE;
				GCC_WARN_UNUSED_FUNCTION = YES;
				GCC_WARN_UNUSED_VARIABLE = YES;
				IPHONEOS_DEPLOYMENT_TARGET = 17.2;
				LOCALIZATION_PREFERS_STRING_CATALOGS = YES;
				MTL_ENABLE_DEBUG_INFO = NO;
				MTL_FAST_MATH = YES;
				SDKROOT = iphoneos;
				SWIFT_COMPILATION_MODE = wholemodule;
				VALIDATE_PRODUCT = YES;
			};
			name = Release;
		};
		175FCB602B5FAE8500C33BE6 /* Debug */ = {
			isa = XCBuildConfiguration;
			buildSettings = {
				ASSETCATALOG_COMPILER_APPICON_NAME = AppIcon;
				ASSETCATALOG_COMPILER_GLOBAL_ACCENT_COLOR_NAME = AccentColor;
				CODE_SIGN_STYLE = Automatic;
				CURRENT_PROJECT_VERSION = 1;
				DEVELOPMENT_ASSET_PATHS = "\"TEAM1MC3/Preview Content\"";
				DEVELOPMENT_TEAM = PHF334QSRA;
				ENABLE_PREVIEWS = YES;
				GENERATE_INFOPLIST_FILE = YES;
				INFOPLIST_KEY_UIApplicationSceneManifest_Generation = YES;
				INFOPLIST_KEY_UIApplicationSupportsIndirectInputEvents = YES;
				INFOPLIST_KEY_UILaunchScreen_Generation = YES;
				INFOPLIST_KEY_UISupportedInterfaceOrientations_iPad = "UIInterfaceOrientationPortrait UIInterfaceOrientationPortraitUpsideDown UIInterfaceOrientationLandscapeLeft UIInterfaceOrientationLandscapeRight";
				INFOPLIST_KEY_UISupportedInterfaceOrientations_iPhone = "UIInterfaceOrientationPortrait UIInterfaceOrientationLandscapeLeft UIInterfaceOrientationLandscapeRight";
				LD_RUNPATH_SEARCH_PATHS = (
					"$(inherited)",
					"@executable_path/Frameworks",
				);
				MARKETING_VERSION = 1.0;
				PRODUCT_BUNDLE_IDENTIFIER = com..test.TEAM1MC3;
				PRODUCT_NAME = "$(TARGET_NAME)";
				SWIFT_EMIT_LOC_STRINGS = YES;
				SWIFT_VERSION = 5.0;
				TARGETED_DEVICE_FAMILY = "1,2";
			};
			name = Debug;
		};
		175FCB612B5FAE8500C33BE6 /* Release */ = {
			isa = XCBuildConfiguration;
			buildSettings = {
				ASSETCATALOG_COMPILER_APPICON_NAME = AppIcon;
				ASSETCATALOG_COMPILER_GLOBAL_ACCENT_COLOR_NAME = AccentColor;
				CODE_SIGN_STYLE = Automatic;
				CURRENT_PROJECT_VERSION = 1;
				DEVELOPMENT_ASSET_PATHS = "\"TEAM1MC3/Preview Content\"";
				DEVELOPMENT_TEAM = PHF334QSRA;
				ENABLE_PREVIEWS = YES;
				GENERATE_INFOPLIST_FILE = YES;
				INFOPLIST_KEY_UIApplicationSceneManifest_Generation = YES;
				INFOPLIST_KEY_UIApplicationSupportsIndirectInputEvents = YES;
				INFOPLIST_KEY_UILaunchScreen_Generation = YES;
				INFOPLIST_KEY_UISupportedInterfaceOrientations_iPad = "UIInterfaceOrientationPortrait UIInterfaceOrientationPortraitUpsideDown UIInterfaceOrientationLandscapeLeft UIInterfaceOrientationLandscapeRight";
				INFOPLIST_KEY_UISupportedInterfaceOrientations_iPhone = "UIInterfaceOrientationPortrait UIInterfaceOrientationLandscapeLeft UIInterfaceOrientationLandscapeRight";
				LD_RUNPATH_SEARCH_PATHS = (
					"$(inherited)",
					"@executable_path/Frameworks",
				);
				MARKETING_VERSION = 1.0;
				PRODUCT_BUNDLE_IDENTIFIER = com..test.TEAM1MC3;
				PRODUCT_NAME = "$(TARGET_NAME)";
				SWIFT_EMIT_LOC_STRINGS = YES;
				SWIFT_VERSION = 5.0;
				TARGETED_DEVICE_FAMILY = "1,2";
			};
			name = Release;
		};
/* End XCBuildConfiguration section */

/* Begin XCConfigurationList section */
		175FCB4A2B5FAE8400C33BE6 /* Build configuration list for PBXProject "TEAM1MC3" */ = {
			isa = XCConfigurationList;
			buildConfigurations = (
				175FCB5D2B5FAE8500C33BE6 /* Debug */,
				175FCB5E2B5FAE8500C33BE6 /* Release */,
			);
			defaultConfigurationIsVisible = 0;
			defaultConfigurationName = Release;
		};
		175FCB5F2B5FAE8500C33BE6 /* Build configuration list for PBXNativeTarget "TEAM1MC3" */ = {
			isa = XCConfigurationList;
			buildConfigurations = (
				175FCB602B5FAE8500C33BE6 /* Debug */,
				175FCB612B5FAE8500C33BE6 /* Release */,
			);
			defaultConfigurationIsVisible = 0;
			defaultConfigurationName = Release;
		};
/* End XCConfigurationList section */

/* Begin XCRemoteSwiftPackageReference section */
		1747CA6B2B6645870089BFE7 /* XCRemoteSwiftPackageReference "swiftui-image-viewer" */ = {
			isa = XCRemoteSwiftPackageReference;
			repositoryURL = "https://github.com/fuzzzlove/swiftui-image-viewer.git";
			requirement = {
				kind = upToNextMajorVersion;
				minimumVersion = 1.0.0;
			};
		};
		175FCB622B5FB14700C33BE6 /* XCRemoteSwiftPackageReference "SwiftSVG" */ = {
			isa = XCRemoteSwiftPackageReference;
			repositoryURL = "https://github.com/mchoe/SwiftSVG.git";
			requirement = {
				branch = master;
				kind = branch;
			};
		};
		175FCB672B5FB8C600C33BE6 /* XCRemoteSwiftPackageReference "SVGKit" */ = {
			isa = XCRemoteSwiftPackageReference;
			repositoryURL = "https://github.com/SVGKit/SVGKit";
			requirement = {
				kind = upToNextMajorVersion;
				minimumVersion = 3.0.0;
			};
		};
		175FCB6C2B60E60000C33BE6 /* XCRemoteSwiftPackageReference "InteractiveMap" */ = {
			isa = XCRemoteSwiftPackageReference;
			repositoryURL = "https://github.com/GrandSir/InteractiveMap";
			requirement = {
				branch = main;
				kind = branch;
			};
		};
		175FCB712B61146D00C33BE6 /* XCRemoteSwiftPackageReference "ScrollableImage" */ = {
			isa = XCRemoteSwiftPackageReference;
			repositoryURL = "https://github.com/gtokman/ScrollableImage.git";
			requirement = {
				branch = main;
				kind = branch;
			};
		};
/* End XCRemoteSwiftPackageReference section */

/* Begin XCSwiftPackageProductDependency section */
		1747CA6C2B6645870089BFE7 /* SwiftUIImageViewer */ = {
			isa = XCSwiftPackageProductDependency;
			package = 1747CA6B2B6645870089BFE7 /* XCRemoteSwiftPackageReference "swiftui-image-viewer" */;
			productName = SwiftUIImageViewer;
		};
		175FCB632B5FB14700C33BE6 /* SwiftSVG */ = {
			isa = XCSwiftPackageProductDependency;
			package = 175FCB622B5FB14700C33BE6 /* XCRemoteSwiftPackageReference "SwiftSVG" */;
			productName = SwiftSVG;
		};
		175FCB682B5FB8C600C33BE6 /* SVGKit */ = {
			isa = XCSwiftPackageProductDependency;
			package = 175FCB672B5FB8C600C33BE6 /* XCRemoteSwiftPackageReference "SVGKit" */;
			productName = SVGKit;
		};
		175FCB6A2B5FB8C600C33BE6 /* SVGKitSwift */ = {
			isa = XCSwiftPackageProductDependency;
			package = 175FCB672B5FB8C600C33BE6 /* XCRemoteSwiftPackageReference "SVGKit" */;
			productName = SVGKitSwift;
		};
		175FCB6D2B60E60000C33BE6 /* InteractiveMap */ = {
			isa = XCSwiftPackageProductDependency;
			package = 175FCB6C2B60E60000C33BE6 /* XCRemoteSwiftPackageReference "InteractiveMap" */;
			productName = InteractiveMap;
		};
		175FCB722B61146D00C33BE6 /* ScrollableImage */ = {
			isa = XCSwiftPackageProductDependency;
			package = 175FCB712B61146D00C33BE6 /* XCRemoteSwiftPackageReference "ScrollableImage" */;
			productName = ScrollableImage;
		};
		175FCB742B6237BB00C33BE6 /* ScrollableImage */ = {
			isa = XCSwiftPackageProductDependency;
			package = 175FCB712B61146D00C33BE6 /* XCRemoteSwiftPackageReference "ScrollableImage" */;
			productName = ScrollableImage;
		};
/* End XCSwiftPackageProductDependency section */
	};
	rootObject = 175FCB472B5FAE8400C33BE6 /* Project object */;
}
